
Microsoft Visual Studio Solution File, Format Version 12.00
# Visual Studio Version 16
VisualStudioVersion = 16.0.30309.148
MinimumVisualStudioVersion = 10.0.40219.1
Project("{FAE04EC0-301F-11D3-BF4B-00C04F79EFBC}") = "PrinterApp", "PrinterApp\PrinterApp.csproj", "{0D7093BA-7453-4787-B52A-BCBE9B21E959}"
EndProject
Global
	GlobalSection(SolutionConfigurationPlatforms) = preSolution
		Debug|Any CPU = Debug|Any CPU
		Release|Any CPU = Release|Any CPU
	EndGlobalSection
	GlobalSection(ProjectConfigurationPlatforms) = postSolution
		{0D7093BA-7453-4787-B52A-BCBE9B21E959}.Debug|Any CPU.ActiveCfg = Debug|Any CPU
		{0D7093BA-7453-4787-B52A-BCBE9B21E959}.Debug|Any CPU.Build.0 = Debug|Any CPU
		{0D7093BA-7453-4787-B52A-BCBE9B21E959}.Release|Any CPU.ActiveCfg = Release|Any CPU
		{0D7093BA-7453-4787-B52A-BCBE9B21E959}.Release|Any CPU.Build.0 = Release|Any CPU
	EndGlobalSection
	GlobalSection(SolutionProperties) = preSolution
		HideSolutionNode = FALSE
	EndGlobalSection
	GlobalSection(ExtensibilityGlobals) = postSolution
		SolutionGuid = {75D80D20-9AEC-4A41-8CE7-331F86607178}
	EndGlobalSection
EndGlobal
